// !$*UTF8*$!
{
	archiveVersion = 1;
	classes = {
	};
	objectVersion = 50;
	objects = {

/* Begin PBXBuildFile section */
		F97F09C826D4B459007F7B66 /* AppDelegate.swift in Sources */ = {isa = PBXBuildFile; fileRef = F97F09C726D4B459007F7B66 /* AppDelegate.swift */; };
		F97F09CA26D4B459007F7B66 /* SceneDelegate.swift in Sources */ = {isa = PBXBuildFile; fileRef = F97F09C926D4B459007F7B66 /* SceneDelegate.swift */; };
		F97F09CC26D4B459007F7B66 /* LoginPageController.swift in Sources */ = {isa = PBXBuildFile; fileRef = F97F09CB26D4B459007F7B66 /* LoginPageController.swift */; };
		F97F09CF26D4B459007F7B66 /* Main.storyboard in Resources */ = {isa = PBXBuildFile; fileRef = F97F09CD26D4B459007F7B66 /* Main.storyboard */; };
		F97F09D126D4B45A007F7B66 /* Assets.xcassets in Resources */ = {isa = PBXBuildFile; fileRef = F97F09D026D4B45A007F7B66 /* Assets.xcassets */; };
		F97F09D426D4B45A007F7B66 /* LaunchScreen.storyboard in Resources */ = {isa = PBXBuildFile; fileRef = F97F09D226D4B45A007F7B66 /* LaunchScreen.storyboard */; };
		F97F09E026D4D199007F7B66 /* ContactsTableViewController.swift in Sources */ = {isa = PBXBuildFile; fileRef = F97F09DF26D4D199007F7B66 /* ContactsTableViewController.swift */; };
		F99D9D0F26D87F3300AB6C5D /* AlertViewController.swift in Sources */ = {isa = PBXBuildFile; fileRef = F99D9D0E26D87F3300AB6C5D /* AlertViewController.swift */; };
		F9BA0E2826D5EE8600FBBCD8 /* TableViewCell.swift in Sources */ = {isa = PBXBuildFile; fileRef = F9BA0E2726D5EE8600FBBCD8 /* TableViewCell.swift */; };
		F9EC6E8526DCE68200CEAA64 /* Model.swift in Sources */ = {isa = PBXBuildFile; fileRef = F9EC6E8426DCE68200CEAA64 /* Model.swift */; };
		F9EC6E8726DD05D300CEAA64 /* Validity.swift in Sources */ = {isa = PBXBuildFile; fileRef = F9EC6E8626DD05D300CEAA64 /* Validity.swift */; };
/* End PBXBuildFile section */

/* Begin PBXFileReference section */
		F97F09C426D4B459007F7B66 /* ContactsApp.app */ = {isa = PBXFileReference; explicitFileType = wrapper.application; includeInIndex = 0; path = ContactsApp.app; sourceTree = BUILT_PRODUCTS_DIR; };
		F97F09C726D4B459007F7B66 /* AppDelegate.swift */ = {isa = PBXFileReference; lastKnownFileType = sourcecode.swift; path = AppDelegate.swift; sourceTree = "<group>"; };
		F97F09C926D4B459007F7B66 /* SceneDelegate.swift */ = {isa = PBXFileReference; lastKnownFileType = sourcecode.swift; path = SceneDelegate.swift; sourceTree = "<group>"; };
		F97F09CB26D4B459007F7B66 /* LoginPageController.swift */ = {isa = PBXFileReference; lastKnownFileType = sourcecode.swift; path = LoginPageController.swift; sourceTree = "<group>"; };
		F97F09CE26D4B459007F7B66 /* Base */ = {isa = PBXFileReference; lastKnownFileType = file.storyboard; name = Base; path = Base.lproj/Main.storyboard; sourceTree = "<group>"; };
		F97F09D026D4B45A007F7B66 /* Assets.xcassets */ = {isa = PBXFileReference; lastKnownFileType = folder.assetcatalog; path = Assets.xcassets; sourceTree = "<group>"; };
		F97F09D326D4B45A007F7B66 /* Base */ = {isa = PBXFileReference; lastKnownFileType = file.storyboard; name = Base; path = Base.lproj/LaunchScreen.storyboard; sourceTree = "<group>"; };
		F97F09D526D4B45A007F7B66 /* Info.plist */ = {isa = PBXFileReference; lastKnownFileType = text.plist.xml; path = Info.plist; sourceTree = "<group>"; };
		F97F09DF26D4D199007F7B66 /* ContactsTableViewController.swift */ = {isa = PBXFileReference; lastKnownFileType = sourcecode.swift; path = ContactsTableViewController.swift; sourceTree = "<group>"; };
		F99D9D0E26D87F3300AB6C5D /* AlertViewController.swift */ = {isa = PBXFileReference; lastKnownFileType = sourcecode.swift; path = AlertViewController.swift; sourceTree = "<group>"; };
		F9BA0E2726D5EE8600FBBCD8 /* TableViewCell.swift */ = {isa = PBXFileReference; lastKnownFileType = sourcecode.swift; path = TableViewCell.swift; sourceTree = "<group>"; };
		F9EC6E8426DCE68200CEAA64 /* Model.swift */ = {isa = PBXFileReference; lastKnownFileType = sourcecode.swift; path = Model.swift; sourceTree = "<group>"; };
		F9EC6E8626DD05D300CEAA64 /* Validity.swift */ = {isa = PBXFileReference; lastKnownFileType = sourcecode.swift; path = Validity.swift; sourceTree = "<group>"; };
/* End PBXFileReference section */

/* Begin PBXFrameworksBuildPhase section */
		F97F09C126D4B459007F7B66 /* Frameworks */ = {
			isa = PBXFrameworksBuildPhase;
			buildActionMask = 2147483647;
			files = (
			);
			runOnlyForDeploymentPostprocessing = 0;
		};
/* End PBXFrameworksBuildPhase section */

/* Begin PBXGroup section */
		F97F09BB26D4B459007F7B66 = {
			isa = PBXGroup;
			children = (
				F97F09C626D4B459007F7B66 /* ContactsApp */,
				F97F09C526D4B459007F7B66 /* Products */,
			);
			sourceTree = "<group>";
		};
		F97F09C526D4B459007F7B66 /* Products */ = {
			isa = PBXGroup;
			children = (
				F97F09C426D4B459007F7B66 /* ContactsApp.app */,
			);
			name = Products;
			sourceTree = "<group>";
		};
		F97F09C626D4B459007F7B66 /* ContactsApp */ = {
			isa = PBXGroup;
			children = (
				F97F09C726D4B459007F7B66 /* AppDelegate.swift */,
				F97F09C926D4B459007F7B66 /* SceneDelegate.swift */,
				F97F09CB26D4B459007F7B66 /* LoginPageController.swift */,
				F97F09CD26D4B459007F7B66 /* Main.storyboard */,
				F97F09D026D4B45A007F7B66 /* Assets.xcassets */,
				F97F09D226D4B45A007F7B66 /* LaunchScreen.storyboard */,
				F97F09D526D4B45A007F7B66 /* Info.plist */,
				F97F09DF26D4D199007F7B66 /* ContactsTableViewController.swift */,
				F9BA0E2726D5EE8600FBBCD8 /* TableViewCell.swift */,
				F99D9D0E26D87F3300AB6C5D /* AlertViewController.swift */,
				F9EC6E8426DCE68200CEAA64 /* Model.swift */,
				F9EC6E8626DD05D300CEAA64 /* Validity.swift */,
			);
			path = ContactsApp;
			sourceTree = "<group>";
		};
/* End PBXGroup section */

/* Begin PBXNativeTarget section */
		F97F09C326D4B459007F7B66 /* ContactsApp */ = {
			isa = PBXNativeTarget;
			buildConfigurationList = F97F09D826D4B45A007F7B66 /* Build configuration list for PBXNativeTarget "ContactsApp" */;
			buildPhases = (
				F97F09C026D4B459007F7B66 /* Sources */,
				F97F09C126D4B459007F7B66 /* Frameworks */,
				F97F09C226D4B459007F7B66 /* Resources */,
			);
			buildRules = (
			);
			dependencies = (
			);
			name = ContactsApp;
			productName = ContactsApp;
			productReference = F97F09C426D4B459007F7B66 /* ContactsApp.app */;
			productType = "com.apple.product-type.application";
		};
/* End PBXNativeTarget section */

/* Begin PBXProject section */
		F97F09BC26D4B459007F7B66 /* Project object */ = {
			isa = PBXProject;
			attributes = {
				LastSwiftUpdateCheck = 1250;
				LastUpgradeCheck = 1250;
				TargetAttributes = {
					F97F09C326D4B459007F7B66 = {
						CreatedOnToolsVersion = 12.5.1;
					};
				};
			};
			buildConfigurationList = F97F09BF26D4B459007F7B66 /* Build configuration list for PBXProject "ContactsApp" */;
			compatibilityVersion = "Xcode 9.3";
			developmentRegion = en;
			hasScannedForEncodings = 0;
			knownRegions = (
				en,
				Base,
			);
			mainGroup = F97F09BB26D4B459007F7B66;
			productRefGroup = F97F09C526D4B459007F7B66 /* Products */;
			projectDirPath = "";
			projectRoot = "";
			targets = (
				F97F09C326D4B459007F7B66 /* ContactsApp */,
			);
		};
/* End PBXProject section */

/* Begin PBXResourcesBuildPhase section */
		F97F09C226D4B459007F7B66 /* Resources */ = {
			isa = PBXResourcesBuildPhase;
			buildActionMask = 2147483647;
			files = (
				F97F09D426D4B45A007F7B66 /* LaunchScreen.storyboard in Resources */,
				F97F09D126D4B45A007F7B66 /* Assets.xcassets in Resources */,
				F97F09CF26D4B459007F7B66 /* Main.storyboard in Resources */,
			);
			runOnlyForDeploymentPostprocessing = 0;
		};
/* End PBXResourcesBuildPhase section */

/* Begin PBXSourcesBuildPhase section */
		F97F09C026D4B459007F7B66 /* Sources */ = {
			isa = PBXSourcesBuildPhase;
			buildActionMask = 2147483647;
			files = (
				F9EC6E8526DCE68200CEAA64 /* Model.swift in Sources */,
				F9BA0E2826D5EE8600FBBCD8 /* TableViewCell.swift in Sources */,
				F99D9D0F26D87F3300AB6C5D /* AlertViewController.swift in Sources */,
				F97F09CC26D4B459007F7B66 /* LoginPageController.swift in Sources */,
				F97F09E026D4D199007F7B66 /* ContactsTableViewController.swift in Sources */,
				F97F09C826D4B459007F7B66 /* AppDelegate.swift in Sources */,
				F97F09CA26D4B459007F7B66 /* SceneDelegate.swift in Sources */,
				F9EC6E8726DD05D300CEAA64 /* Validity.swift in Sources */,
			);
			runOnlyForDeploymentPostprocessing = 0;
		};
/* End PBXSourcesBuildPhase section */

/* Begin PBXVariantGroup section */
		F97F09CD26D4B459007F7B66 /* Main.storyboard */ = {
			isa = PBXVariantGroup;
			children = (
				F97F09CE26D4B459007F7B66 /* Base */,
			);
			name = Main.storyboard;
			sourceTree = "<group>";
		};
		F97F09D226D4B45A007F7B66 /* LaunchScreen.storyboard */ = {
			isa = PBXVariantGroup;
			children = (
				F97F09D326D4B45A007F7B66 /* Base */,
			);
			name = LaunchScreen.storyboard;
			sourceTree = "<group>";
		};
/* End PBXVariantGroup section */

/* Begin XCBuildConfiguration section */
		F97F09D626D4B45A007F7B66 /* Debug */ = {
			isa = XCBuildConfiguration;
			buildSettings = {
				ALWAYS_SEARCH_USER_PATHS = NO;
				CLANG_ANALYZER_NONNULL = YES;
				CLANG_ANALYZER_NUMBER_OBJECT_CONVERSION = YES_AGGRESSIVE;
				CLANG_CXX_LANGUAGE_STANDARD = "gnu++14";
				CLANG_CXX_LIBRARY = "libc++";
				CLANG_ENABLE_MODULES = YES;
				CLANG_ENABLE_OBJC_ARC = YES;
				CLANG_ENABLE_OBJC_WEAK = YES;
				CLANG_WARN_BLOCK_CAPTURE_AUTORELEASING = YES;
				CLANG_WARN_BOOL_CONVERSION = YES;
				CLANG_WARN_COMMA = YES;
				CLANG_WARN_CONSTANT_CONVERSION = YES;
				CLANG_WARN_DEPRECATED_OBJC_IMPLEMENTATIONS = YES;
				CLANG_WARN_DIRECT_OBJC_ISA_USAGE = YES_ERROR;
				CLANG_WARN_DOCUMENTATION_COMMENTS = YES;
				CLANG_WARN_EMPTY_BODY = YES;
				CLANG_WARN_ENUM_CONVERSION = YES;
				CLANG_WARN_INFINITE_RECURSION = YES;
				CLANG_WARN_INT_CONVERSION = YES;
				CLANG_WARN_NON_LITERAL_NULL_CONVERSION = YES;
				CLANG_WARN_OBJC_IMPLICIT_RETAIN_SELF = YES;
				CLANG_WARN_OBJC_LITERAL_CONVERSION = YES;
				CLANG_WARN_OBJC_ROOT_CLASS = YES_ERROR;
				CLANG_WARN_QUOTED_INCLUDE_IN_FRAMEWORK_HEADER = YES;
				CLANG_WARN_RANGE_LOOP_ANALYSIS = YES;
				CLANG_WARN_STRICT_PROTOTYPES = YES;
				CLANG_WARN_SUSPICIOUS_MOVE = YES;
				CLANG_WARN_UNGUARDED_AVAILABILITY = YES_AGGRESSIVE;
				CLANG_WARN_UNREACHABLE_CODE = YES;
				CLANG_WARN__DUPLICATE_METHOD_MATCH = YES;
				COPY_PHASE_STRIP = NO;
				DEBUG_INFORMATION_FORMAT = dwarf;
				ENABLE_STRICT_OBJC_MSGSEND = YES;
				ENABLE_TESTABILITY = YES;
				GCC_C_LANGUAGE_STANDARD = gnu11;
				GCC_DYNAMIC_NO_PIC = NO;
				GCC_NO_COMMON_BLOCKS = YES;
				GCC_OPTIMIZATION_LEVEL = 0;
				GCC_PREPROCESSOR_DEFINITIONS = (
					"DEBUG=1",
					"$(inherited)",
				);
				GCC_WARN_64_TO_32_BIT_CONVERSION = YES;
				GCC_WARN_ABOUT_RETURN_TYPE = YES_ERROR;
				GCC_WARN_UNDECLARED_SELECTOR = YES;
				GCC_WARN_UNINITIALIZED_AUTOS = YES_AGGRESSIVE;
				GCC_WARN_UNUSED_FUNCTION = YES;
				GCC_WARN_UNUSED_VARIABLE = YES;
				IPHONEOS_DEPLOYMENT_TARGET = 14.5;
				MTL_ENABLE_DEBUG_INFO = INCLUDE_SOURCE;
				MTL_FAST_MATH = YES;
				ONLY_ACTIVE_ARCH = YES;
				SDKROOT = iphoneos;
				SWIFT_ACTIVE_COMPILATION_CONDITIONS = DEBUG;
				SWIFT_OPTIMIZATION_LEVEL = "-Onone";
			};
			name = Debug;
		};
		F97F09D726D4B45A007F7B66 /* Release */ = {
			isa = XCBuildConfiguration;
			buildSettings = {
				ALWAYS_SEARCH_USER_PATHS = NO;
				CLANG_ANALYZER_NONNULL = YES;
				CLANG_ANALYZER_NUMBER_OBJECT_CONVERSION = YES_AGGRESSIVE;
				CLANG_CXX_LANGUAGE_STANDARD = "gnu++14";
				CLANG_CXX_LIBRARY = "libc++";
				CLANG_ENABLE_MODULES = YES;
				CLANG_ENABLE_OBJC_ARC = YES;
				CLANG_ENABLE_OBJC_WEAK = YES;
				CLANG_WARN_BLOCK_CAPTURE_AUTORELEASING = YES;
				CLANG_WARN_BOOL_CONVERSION = YES;
				CLANG_WARN_COMMA = YES;
				CLANG_WARN_CONSTANT_CONVERSION = YES;
				CLANG_WARN_DEPRECATED_OBJC_IMPLEMENTATIONS = YES;
				CLANG_WARN_DIRECT_OBJC_ISA_USAGE = YES_ERROR;
				CLANG_WARN_DOCUMENTATION_COMMENTS = YES;
				CLANG_WARN_EMPTY_BODY = YES;
				CLANG_WARN_ENUM_CONVERSION = YES;
				CLANG_WARN_INFINITE_RECURSION = YES;
				CLANG_WARN_INT_CONVERSION = YES;
				CLANG_WARN_NON_LITERAL_NULL_CONVERSION = YES;
				CLANG_WARN_OBJC_IMPLICIT_RETAIN_SELF = YES;
				CLANG_WARN_OBJC_LITERAL_CONVERSION = YES;
				CLANG_WARN_OBJC_ROOT_CLASS = YES_ERROR;
				CLANG_WARN_QUOTED_INCLUDE_IN_FRAMEWORK_HEADER = YES;
				CLANG_WARN_RANGE_LOOP_ANALYSIS = YES;
				CLANG_WARN_STRICT_PROTOTYPES = YES;
				CLANG_WARN_SUSPICIOUS_MOVE = YES;
				CLANG_WARN_UNGUARDED_AVAILABILITY = YES_AGGRESSIVE;
				CLANG_WARN_UNREACHABLE_CODE = YES;
				CLANG_WARN__DUPLICATE_METHOD_MATCH = YES;
				COPY_PHASE_STRIP = NO;
				DEBUG_INFORMATION_FORMAT = "dwarf-with-dsym";
				ENABLE_NS_ASSERTIONS = NO;
				ENABLE_STRICT_OBJC_MSGSEND = YES;
				GCC_C_LANGUAGE_STANDARD = gnu11;
				GCC_NO_COMMON_BLOCKS = YES;
				GCC_WARN_64_TO_32_BIT_CONVERSION = YES;
				GCC_WARN_ABOUT_RETURN_TYPE = YES_ERROR;
				GCC_WARN_UNDECLARED_SELECTOR = YES;
				GCC_WARN_UNINITIALIZED_AUTOS = YES_AGGRESSIVE;
				GCC_WARN_UNUSED_FUNCTION = YES;
				GCC_WARN_UNUSED_VARIABLE = YES;
				IPHONEOS_DEPLOYMENT_TARGET = 14.5;
				MTL_ENABLE_DEBUG_INFO = NO;
				MTL_FAST_MATH = YES;
				SDKROOT = iphoneos;
				SWIFT_COMPILATION_MODE = wholemodule;
				SWIFT_OPTIMIZATION_LEVEL = "-O";
				VALIDATE_PRODUCT = YES;
			};
			name = Release;
		};
		F97F09D926D4B45A007F7B66 /* Debug */ = {
			isa = XCBuildConfiguration;
			buildSettings = {
				ASSETCATALOG_COMPILER_APPICON_NAME = AppIcon;
				ASSETCATALOG_COMPILER_GLOBAL_ACCENT_COLOR_NAME = AccentColor;
				CODE_SIGN_STYLE = Automatic;
				INFOPLIST_FILE = ContactsApp/Info.plist;
				LD_RUNPATH_SEARCH_PATHS = (
					"$(inherited)",
					"@executable_path/Frameworks",
				);
				PRODUCT_BUNDLE_IDENTIFIER = com.julien.ContactsApp;
				PRODUCT_NAME = "$(TARGET_NAME)";
				SWIFT_VERSION = 5.0;
				TARGETED_DEVICE_FAMILY = "1,2";
			};
			name = Debug;
		};
		F97F09DA26D4B45A007F7B66 /* Release */ = {
			isa = XCBuildConfiguration;
			buildSettings = {
				ASSETCATALOG_COMPILER_APPICON_NAME = AppIcon;
				ASSETCATALOG_COMPILER_GLOBAL_ACCENT_COLOR_NAME = AccentColor;
				CODE_SIGN_STYLE = Automatic;
				INFOPLIST_FILE = ContactsApp/Info.plist;
				LD_RUNPATH_SEARCH_PATHS = (
					"$(inherited)",
					"@executable_path/Frameworks",
				);
				PRODUCT_BUNDLE_IDENTIFIER = com.julien.ContactsApp;
				PRODUCT_NAME = "$(TARGET_NAME)";
				SWIFT_VERSION = 5.0;
				TARGETED_DEVICE_FAMILY = "1,2";
			};
			name = Release;
		};
/* End XCBuildConfiguration section */

/* Begin XCConfigurationList section */
		F97F09BF26D4B459007F7B66 /* Build configuration list for PBXProject "ContactsApp" */ = {
			isa = XCConfigurationList;
			buildConfigurations = (
				F97F09D626D4B45A007F7B66 /* Debug */,
				F97F09D726D4B45A007F7B66 /* Release */,
			);
			defaultConfigurationIsVisible = 0;
			defaultConfigurationName = Release;
		};
		F97F09D826D4B45A007F7B66 /* Build configuration list for PBXNativeTarget "ContactsApp" */ = {
			isa = XCConfigurationList;
			buildConfigurations = (
				F97F09D926D4B45A007F7B66 /* Debug */,
				F97F09DA26D4B45A007F7B66 /* Release */,
			);
			defaultConfigurationIsVisible = 0;
			defaultConfigurationName = Release;
		};
/* End XCConfigurationList section */
	};
	rootObject = F97F09BC26D4B459007F7B66 /* Project object */;
}
